
Microsoft Visual Studio Solution File, Format Version 12.00
# Visual Studio Version 16
VisualStudioVersion = 16.0.28803.202
MinimumVisualStudioVersion = 10.0.40219.1
Project("{FAE04EC0-301F-11D3-BF4B-00C04F79EFBC}") = "ProductSalesGreater$20k", "ProductSalesGreater$20k\ProductSalesGreater$20k.csproj", "{B482ADDD-289E-4DFB-BB8D-D5917EB1482A}"
EndProject
Global
	GlobalSection(SolutionConfigurationPlatforms) = preSolution
		Debug|Any CPU = Debug|Any CPU
		Release|Any CPU = Release|Any CPU
	EndGlobalSection
	GlobalSection(ProjectConfigurationPlatforms) = postSolution
		{B482ADDD-289E-4DFB-BB8D-D5917EB1482A}.Debug|Any CPU.ActiveCfg = Debug|Any CPU
		{B482ADDD-289E-4DFB-BB8D-D5917EB1482A}.Debug|Any CPU.Build.0 = Debug|Any CPU
		{B482ADDD-289E-4DFB-BB8D-D5917EB1482A}.Release|Any CPU.ActiveCfg = Release|Any CPU
		{B482ADDD-289E-4DFB-BB8D-D5917EB1482A}.Release|Any CPU.Build.0 = Release|Any CPU
	EndGlobalSection
	GlobalSection(SolutionProperties) = preSolution
		HideSolutionNode = FALSE
	EndGlobalSection
	GlobalSection(ExtensibilityGlobals) = postSolution
		SolutionGuid = {AF92E19E-536D-41CD-BF61-E7A78E699D47}
	EndGlobalSection
EndGlobal
